<?xml version="1.0" encoding="utf-8"?>
<Project ToolsVersion="4.0" xmlns="http://schemas.microsoft.com/developer/msbuild/2003">
  <ItemGroup>
    <Filter Include="ProgramFiles">
      <UniqueIdentifier>{93995380-89BD-4b04-88EB-625FBE52EBFB}</UniqueIdentifier>
      <Extensions>h;hh;hpp;hxx;h++;hm;inl;inc;ipp;xsd</Extensions>
    </Filter>
    <Filter Include="ProgramFiles\maze">
      <UniqueIdentifier>{de85a8db-604d-4886-ad8c-1c98c41b7893}</UniqueIdentifier>
    </Filter>
    <Filter Include="ProgramFiles\maze\MazeCell">
      <UniqueIdentifier>{48255ca7-f3c3-4bf2-b5de-1ef48b5069f4}</UniqueIdentifier>
    </Filter>
    <Filter Include="ProgramFiles\maze\MazeGenerator">
      <UniqueIdentifier>{c52f8967-603c-4db9-bccf-82f82b8f4b4e}</UniqueIdentifier>
    </Filter>
    <Filter Include="ProgramFiles\maze\MazeGenerator\SquareMazeGeneratorClass">
      <UniqueIdentifier>{500c27f3-f5e8-45a7-847f-55adc9f0e410}</UniqueIdentifier>
    </Filter>
    <Filter Include="ProgramFiles\maze\MazeCell\SquareMazeCellClass">
      <UniqueIdentifier>{cb81cfbc-88a1-465c-831c-9656675ceebc}</UniqueIdentifier>
    </Filter>
    <Filter Include="ProgramFiles\maze\MazeCell\MazeCellClass">
      <UniqueIdentifier>{06de9f72-2d87-4a57-a145-10aa55235afb}</UniqueIdentifier>
    </Filter>
    <Filter Include="ProgramFiles\maze\MazeGenerator\MazeGeneratorClass">
      <UniqueIdentifier>{5701694d-d516-4f2f-95c3-217b8b1ecf7c}</UniqueIdentifier>
    </Filter>
    <Filter Include="ProgramFiles\game">
      <UniqueIdentifier>{6a5114f5-fbae-4ac0-8790-19b984c5ff44}</UniqueIdentifier>
    </Filter>
  </ItemGroup>
  <ItemGroup>
    <ClCompile Include="SquareMazeCell.cpp">
      <Filter>ProgramFiles\maze\MazeCell\SquareMazeCellClass</Filter>
    </ClCompile>
    <ClCompile Include="SquareMazeGenerator.cpp">
      <Filter>ProgramFiles\maze\MazeGenerator\SquareMazeGeneratorClass</Filter>
    </ClCompile>
    <ClCompile Include="main.cpp">
      <Filter>ProgramFiles</Filter>
    </ClCompile>
    <ClCompile Include="MazeCell.cpp">
      <Filter>ProgramFiles\maze\MazeCell\MazeCellClass</Filter>
    </ClCompile>
    <ClCompile Include="MazeGenerator.cpp">
      <Filter>ProgramFiles\maze\MazeGenerator\MazeGeneratorClass</Filter>
    </ClCompile>
    <ClCompile Include="Game.cpp">
      <Filter>ProgramFiles\game</Filter>
    </ClCompile>
  </ItemGroup>
  <ItemGroup>
    <ClInclude Include="SquareMazeCell.h">
      <Filter>ProgramFiles\maze\MazeCell\SquareMazeCellClass</Filter>
    </ClInclude>
    <ClInclude Include="SquareMazeGenerator.h">
      <Filter>ProgramFiles\maze\MazeGenerator\SquareMazeGeneratorClass</Filter>
    </ClInclude>
    <ClInclude Include="MazeCell.h">
      <Filter>ProgramFiles\maze\MazeCell\MazeCellClass</Filter>
    </ClInclude>
    <ClInclude Include="MazeGenerator.h">
      <Filter>ProgramFiles\maze\MazeGenerator\MazeGeneratorClass</Filter>
    </ClInclude>
    <ClInclude Include="Game.h">
      <Filter>ProgramFiles\game</Filter>
    </ClInclude>
  </ItemGroup>
</Project>